
Microsoft Visual Studio Solution File, Format Version 12.00
# Visual Studio Version 16
VisualStudioVersion = 16.0.30011.22
MinimumVisualStudioVersion = 10.0.40219.1
Project("{FAE04EC0-301F-11D3-BF4B-00C04F79EFBC}") = "Calculator", "Calculator\Calculator.csproj", "{582D0129-2C8F-4021-80B0-47B5E8EC52A1}"
EndProject
Global
	GlobalSection(SolutionConfigurationPlatforms) = preSolution
		Debug|Any CPU = Debug|Any CPU
		Release|Any CPU = Release|Any CPU
	EndGlobalSection
	GlobalSection(ProjectConfigurationPlatforms) = postSolution
		{582D0129-2C8F-4021-80B0-47B5E8EC52A1}.Debug|Any CPU.ActiveCfg = Debug|Any CPU
		{582D0129-2C8F-4021-80B0-47B5E8EC52A1}.Debug|Any CPU.Build.0 = Debug|Any CPU
		{582D0129-2C8F-4021-80B0-47B5E8EC52A1}.Release|Any CPU.ActiveCfg = Release|Any CPU
		{582D0129-2C8F-4021-80B0-47B5E8EC52A1}.Release|Any CPU.Build.0 = Release|Any CPU
	EndGlobalSection
	GlobalSection(SolutionProperties) = preSolution
		HideSolutionNode = FALSE
	EndGlobalSection
	GlobalSection(ExtensibilityGlobals) = postSolution
		SolutionGuid = {DFDA4DB2-BCF7-4E2C-A4CE-A9855EE78A46}
	EndGlobalSection
EndGlobal
